// !$*UTF8*$!
{
	archiveVersion = 1;
	classes = {
	};
	objectVersion = 50;
	objects = {

/* Begin PBXBuildFile section */
		3115B6A226FCF08F00AE4916 /* AppDelegate.swift in Sources */ = {isa = PBXBuildFile; fileRef = 3115B6A126FCF08F00AE4916 /* AppDelegate.swift */; };
		3115B6A426FCF08F00AE4916 /* SceneDelegate.swift in Sources */ = {isa = PBXBuildFile; fileRef = 3115B6A326FCF08F00AE4916 /* SceneDelegate.swift */; };
		3115B6A626FCF08F00AE4916 /* ViewController.swift in Sources */ = {isa = PBXBuildFile; fileRef = 3115B6A526FCF08F00AE4916 /* ViewController.swift */; };
		3115B6A926FCF08F00AE4916 /* Main.storyboard in Resources */ = {isa = PBXBuildFile; fileRef = 3115B6A726FCF08F00AE4916 /* Main.storyboard */; };
		3115B6AB26FCF09300AE4916 /* Assets.xcassets in Resources */ = {isa = PBXBuildFile; fileRef = 3115B6AA26FCF09300AE4916 /* Assets.xcassets */; };
		3115B6AE26FCF09300AE4916 /* LaunchScreen.storyboard in Resources */ = {isa = PBXBuildFile; fileRef = 3115B6AC26FCF09300AE4916 /* LaunchScreen.storyboard */; };
		3117E70826FE61E900B0F0CD /* GViewController.swift in Sources */ = {isa = PBXBuildFile; fileRef = 3117E70726FE61E900B0F0CD /* GViewController.swift */; };
		3117E70A26FE631000B0F0CD /* Second.storyboard in Resources */ = {isa = PBXBuildFile; fileRef = 3117E70926FE631000B0F0CD /* Second.storyboard */; };
		3117E70D26FE76F000B0F0CD /* MetalGraph.swift in Sources */ = {isa = PBXBuildFile; fileRef = 3117E70C26FE76F000B0F0CD /* MetalGraph.swift */; };
		3117E70F26FE784700B0F0CD /* AudioModel.swift in Sources */ = {isa = PBXBuildFile; fileRef = 3117E70E26FE784700B0F0CD /* AudioModel.swift */; };
		3117E71626FE7E8800B0F0CD /* Shaders.metal in Sources */ = {isa = PBXBuildFile; fileRef = 3117E71526FE7E8800B0F0CD /* Shaders.metal */; };
		31388CC226FE86DC00FAAB2E /* CircularBuffer.m in Sources */ = {isa = PBXBuildFile; fileRef = 31388CC126FE86DC00FAAB2E /* CircularBuffer.m */; };
		31388CC626FE877F00FAAB2E /* Novocaine.m in Sources */ = {isa = PBXBuildFile; fileRef = 31388CC526FE877F00FAAB2E /* Novocaine.m */; };
		31388CC926FE879600FAAB2E /* AudioFileReader.m in Sources */ = {isa = PBXBuildFile; fileRef = 31388CC826FE879600FAAB2E /* AudioFileReader.m */; };
		31388CCC26FE87A500FAAB2E /* FFTHelper.m in Sources */ = {isa = PBXBuildFile; fileRef = 31388CCB26FE87A500FAAB2E /* FFTHelper.m */; };
/* End PBXBuildFile section */

/* Begin PBXFileReference section */
		3115B69E26FCF08F00AE4916 /* FunTwo.app */ = {isa = PBXFileReference; explicitFileType = wrapper.application; includeInIndex = 0; path = FunTwo.app; sourceTree = BUILT_PRODUCTS_DIR; };
		3115B6A126FCF08F00AE4916 /* AppDelegate.swift */ = {isa = PBXFileReference; lastKnownFileType = sourcecode.swift; path = AppDelegate.swift; sourceTree = "<group>"; };
		3115B6A326FCF08F00AE4916 /* SceneDelegate.swift */ = {isa = PBXFileReference; lastKnownFileType = sourcecode.swift; path = SceneDelegate.swift; sourceTree = "<group>"; };
		3115B6A526FCF08F00AE4916 /* ViewController.swift */ = {isa = PBXFileReference; lastKnownFileType = sourcecode.swift; path = ViewController.swift; sourceTree = "<group>"; };
		3115B6A826FCF08F00AE4916 /* Base */ = {isa = PBXFileReference; lastKnownFileType = file.storyboard; name = Base; path = Base.lproj/Main.storyboard; sourceTree = "<group>"; };
		3115B6AA26FCF09300AE4916 /* Assets.xcassets */ = {isa = PBXFileReference; lastKnownFileType = folder.assetcatalog; path = Assets.xcassets; sourceTree = "<group>"; };
		3115B6AD26FCF09300AE4916 /* Base */ = {isa = PBXFileReference; lastKnownFileType = file.storyboard; name = Base; path = Base.lproj/LaunchScreen.storyboard; sourceTree = "<group>"; };
		3115B6AF26FCF09300AE4916 /* Info.plist */ = {isa = PBXFileReference; lastKnownFileType = text.plist.xml; path = Info.plist; sourceTree = "<group>"; };
		3117E70726FE61E900B0F0CD /* GViewController.swift */ = {isa = PBXFileReference; lastKnownFileType = sourcecode.swift; path = GViewController.swift; sourceTree = "<group>"; };
		3117E70926FE631000B0F0CD /* Second.storyboard */ = {isa = PBXFileReference; lastKnownFileType = file.storyboard; path = Second.storyboard; sourceTree = "<group>"; };
		3117E70C26FE76F000B0F0CD /* MetalGraph.swift */ = {isa = PBXFileReference; fileEncoding = 4; lastKnownFileType = sourcecode.swift; path = MetalGraph.swift; sourceTree = "<group>"; };
		3117E70E26FE784700B0F0CD /* AudioModel.swift */ = {isa = PBXFileReference; fileEncoding = 4; lastKnownFileType = sourcecode.swift; path = AudioModel.swift; sourceTree = "<group>"; };
		3117E71526FE7E8800B0F0CD /* Shaders.metal */ = {isa = PBXFileReference; fileEncoding = 4; lastKnownFileType = sourcecode.metal; path = Shaders.metal; sourceTree = SOURCE_ROOT; };
		31388CBD26FE85BD00FAAB2E /* FunTwo-Bridging-Header.h */ = {isa = PBXFileReference; lastKnownFileType = sourcecode.c.h; path = "FunTwo-Bridging-Header.h"; sourceTree = "<group>"; };
		31388CC026FE86DC00FAAB2E /* CircularBuffer.h */ = {isa = PBXFileReference; lastKnownFileType = sourcecode.c.h; path = CircularBuffer.h; sourceTree = "<group>"; };
		31388CC126FE86DC00FAAB2E /* CircularBuffer.m */ = {isa = PBXFileReference; lastKnownFileType = sourcecode.c.objc; path = CircularBuffer.m; sourceTree = "<group>"; };
		31388CC426FE877F00FAAB2E /* Novocaine.h */ = {isa = PBXFileReference; lastKnownFileType = sourcecode.c.h; path = Novocaine.h; sourceTree = "<group>"; };
		31388CC526FE877F00FAAB2E /* Novocaine.m */ = {isa = PBXFileReference; lastKnownFileType = sourcecode.c.objc; path = Novocaine.m; sourceTree = "<group>"; };
		31388CC726FE879600FAAB2E /* AudioFileReader.h */ = {isa = PBXFileReference; lastKnownFileType = sourcecode.c.h; path = AudioFileReader.h; sourceTree = "<group>"; };
		31388CC826FE879600FAAB2E /* AudioFileReader.m */ = {isa = PBXFileReference; lastKnownFileType = sourcecode.c.objc; path = AudioFileReader.m; sourceTree = "<group>"; };
		31388CCA26FE87A500FAAB2E /* FFTHelper.h */ = {isa = PBXFileReference; lastKnownFileType = sourcecode.c.h; path = FFTHelper.h; sourceTree = "<group>"; };
		31388CCB26FE87A500FAAB2E /* FFTHelper.m */ = {isa = PBXFileReference; lastKnownFileType = sourcecode.c.objc; path = FFTHelper.m; sourceTree = "<group>"; };
/* End PBXFileReference section */

/* Begin PBXFrameworksBuildPhase section */
		3115B69B26FCF08F00AE4916 /* Frameworks */ = {
			isa = PBXFrameworksBuildPhase;
			buildActionMask = 2147483647;
			files = (
			);
			runOnlyForDeploymentPostprocessing = 0;
		};
/* End PBXFrameworksBuildPhase section */

/* Begin PBXGroup section */
		3115B69526FCF08F00AE4916 = {
			isa = PBXGroup;
			children = (
				3117E71526FE7E8800B0F0CD /* Shaders.metal */,
				3115B6A026FCF08F00AE4916 /* FunTwo */,
				3115B69F26FCF08F00AE4916 /* Products */,
			);
			sourceTree = "<group>";
		};
		3115B69F26FCF08F00AE4916 /* Products */ = {
			isa = PBXGroup;
			children = (
				3115B69E26FCF08F00AE4916 /* FunTwo.app */,
			);
			name = Products;
			sourceTree = "<group>";
		};
		3115B6A026FCF08F00AE4916 /* FunTwo */ = {
			isa = PBXGroup;
			children = (
				31388CCD26FE87B800FAAB2E /* AudioDSPUtils */,
				3115B6A126FCF08F00AE4916 /* AppDelegate.swift */,
				3115B6A326FCF08F00AE4916 /* SceneDelegate.swift */,
				3115B6A526FCF08F00AE4916 /* ViewController.swift */,
				3117E70726FE61E900B0F0CD /* GViewController.swift */,
				3117E70C26FE76F000B0F0CD /* MetalGraph.swift */,
				3117E70E26FE784700B0F0CD /* AudioModel.swift */,
				3115B6A726FCF08F00AE4916 /* Main.storyboard */,
				3117E70926FE631000B0F0CD /* Second.storyboard */,
				3115B6AA26FCF09300AE4916 /* Assets.xcassets */,
				3115B6AC26FCF09300AE4916 /* LaunchScreen.storyboard */,
				3115B6AF26FCF09300AE4916 /* Info.plist */,
				31388CBD26FE85BD00FAAB2E /* FunTwo-Bridging-Header.h */,
			);
			path = FunTwo;
			sourceTree = "<group>";
		};
		31388CCD26FE87B800FAAB2E /* AudioDSPUtils */ = {
			isa = PBXGroup;
			children = (
				31388CC026FE86DC00FAAB2E /* CircularBuffer.h */,
				31388CC126FE86DC00FAAB2E /* CircularBuffer.m */,
				31388CC426FE877F00FAAB2E /* Novocaine.h */,
				31388CC526FE877F00FAAB2E /* Novocaine.m */,
				31388CC726FE879600FAAB2E /* AudioFileReader.h */,
				31388CC826FE879600FAAB2E /* AudioFileReader.m */,
				31388CCA26FE87A500FAAB2E /* FFTHelper.h */,
				31388CCB26FE87A500FAAB2E /* FFTHelper.m */,
			);
			path = AudioDSPUtils;
			sourceTree = "<group>";
		};
/* End PBXGroup section */

/* Begin PBXNativeTarget section */
		3115B69D26FCF08F00AE4916 /* FunTwo */ = {
			isa = PBXNativeTarget;
			buildConfigurationList = 3115B6B226FCF09300AE4916 /* Build configuration list for PBXNativeTarget "FunTwo" */;
			buildPhases = (
				3115B69A26FCF08F00AE4916 /* Sources */,
				3115B69B26FCF08F00AE4916 /* Frameworks */,
				3115B69C26FCF08F00AE4916 /* Resources */,
			);
			buildRules = (
			);
			dependencies = (
			);
			name = FunTwo;
			productName = FunTwo;
			productReference = 3115B69E26FCF08F00AE4916 /* FunTwo.app */;
			productType = "com.apple.product-type.application";
		};
/* End PBXNativeTarget section */

/* Begin PBXProject section */
		3115B69626FCF08F00AE4916 /* Project object */ = {
			isa = PBXProject;
			attributes = {
				LastSwiftUpdateCheck = 1250;
				LastUpgradeCheck = 1250;
				TargetAttributes = {
					3115B69D26FCF08F00AE4916 = {
						CreatedOnToolsVersion = 12.5.1;
						LastSwiftMigration = 1250;
					};
				};
			};
			buildConfigurationList = 3115B69926FCF08F00AE4916 /* Build configuration list for PBXProject "FunTwo" */;
			compatibilityVersion = "Xcode 9.3";
			developmentRegion = en;
			hasScannedForEncodings = 0;
			knownRegions = (
				en,
				Base,
			);
			mainGroup = 3115B69526FCF08F00AE4916;
			productRefGroup = 3115B69F26FCF08F00AE4916 /* Products */;
			projectDirPath = "";
			projectRoot = "";
			targets = (
				3115B69D26FCF08F00AE4916 /* FunTwo */,
			);
		};
/* End PBXProject section */

/* Begin PBXResourcesBuildPhase section */
		3115B69C26FCF08F00AE4916 /* Resources */ = {
			isa = PBXResourcesBuildPhase;
			buildActionMask = 2147483647;
			files = (
				3115B6AE26FCF09300AE4916 /* LaunchScreen.storyboard in Resources */,
				3115B6AB26FCF09300AE4916 /* Assets.xcassets in Resources */,
				3117E70A26FE631000B0F0CD /* Second.storyboard in Resources */,
				3115B6A926FCF08F00AE4916 /* Main.storyboard in Resources */,
			);
			runOnlyForDeploymentPostprocessing = 0;
		};
/* End PBXResourcesBuildPhase section */

/* Begin PBXSourcesBuildPhase section */
		3115B69A26FCF08F00AE4916 /* Sources */ = {
			isa = PBXSourcesBuildPhase;
			buildActionMask = 2147483647;
			files = (
				31388CCC26FE87A500FAAB2E /* FFTHelper.m in Sources */,
				31388CC226FE86DC00FAAB2E /* CircularBuffer.m in Sources */,
				3115B6A626FCF08F00AE4916 /* ViewController.swift in Sources */,
				3117E71626FE7E8800B0F0CD /* Shaders.metal in Sources */,
				3115B6A226FCF08F00AE4916 /* AppDelegate.swift in Sources */,
				3117E70F26FE784700B0F0CD /* AudioModel.swift in Sources */,
				31388CC926FE879600FAAB2E /* AudioFileReader.m in Sources */,
				3117E70826FE61E900B0F0CD /* GViewController.swift in Sources */,
				3115B6A426FCF08F00AE4916 /* SceneDelegate.swift in Sources */,
				3117E70D26FE76F000B0F0CD /* MetalGraph.swift in Sources */,
				31388CC626FE877F00FAAB2E /* Novocaine.m in Sources */,
			);
			runOnlyForDeploymentPostprocessing = 0;
		};
/* End PBXSourcesBuildPhase section */

/* Begin PBXVariantGroup section */
		3115B6A726FCF08F00AE4916 /* Main.storyboard */ = {
			isa = PBXVariantGroup;
			children = (
				3115B6A826FCF08F00AE4916 /* Base */,
			);
			name = Main.storyboard;
			sourceTree = "<group>";
		};
		3115B6AC26FCF09300AE4916 /* LaunchScreen.storyboard */ = {
			isa = PBXVariantGroup;
			children = (
				3115B6AD26FCF09300AE4916 /* Base */,
			);
			name = LaunchScreen.storyboard;
			sourceTree = "<group>";
		};
/* End PBXVariantGroup section */

/* Begin XCBuildConfiguration section */
		3115B6B026FCF09300AE4916 /* Debug */ = {
			isa = XCBuildConfiguration;
			buildSettings = {
				ALWAYS_SEARCH_USER_PATHS = NO;
				CLANG_ANALYZER_NONNULL = YES;
				CLANG_ANALYZER_NUMBER_OBJECT_CONVERSION = YES_AGGRESSIVE;
				CLANG_CXX_LANGUAGE_STANDARD = "gnu++14";
				CLANG_CXX_LIBRARY = "libc++";
				CLANG_ENABLE_MODULES = YES;
				CLANG_ENABLE_OBJC_ARC = YES;
				CLANG_ENABLE_OBJC_WEAK = YES;
				CLANG_WARN_BLOCK_CAPTURE_AUTORELEASING = YES;
				CLANG_WARN_BOOL_CONVERSION = YES;
				CLANG_WARN_COMMA = YES;
				CLANG_WARN_CONSTANT_CONVERSION = YES;
				CLANG_WARN_DEPRECATED_OBJC_IMPLEMENTATIONS = YES;
				CLANG_WARN_DIRECT_OBJC_ISA_USAGE = YES_ERROR;
				CLANG_WARN_DOCUMENTATION_COMMENTS = YES;
				CLANG_WARN_EMPTY_BODY = YES;
				CLANG_WARN_ENUM_CONVERSION = YES;
				CLANG_WARN_INFINITE_RECURSION = YES;
				CLANG_WARN_INT_CONVERSION = YES;
				CLANG_WARN_NON_LITERAL_NULL_CONVERSION = YES;
				CLANG_WARN_OBJC_IMPLICIT_RETAIN_SELF = YES;
				CLANG_WARN_OBJC_LITERAL_CONVERSION = YES;
				CLANG_WARN_OBJC_ROOT_CLASS = YES_ERROR;
				CLANG_WARN_QUOTED_INCLUDE_IN_FRAMEWORK_HEADER = YES;
				CLANG_WARN_RANGE_LOOP_ANALYSIS = YES;
				CLANG_WARN_STRICT_PROTOTYPES = YES;
				CLANG_WARN_SUSPICIOUS_MOVE = YES;
				CLANG_WARN_UNGUARDED_AVAILABILITY = YES_AGGRESSIVE;
				CLANG_WARN_UNREACHABLE_CODE = YES;
				CLANG_WARN__DUPLICATE_METHOD_MATCH = YES;
				COPY_PHASE_STRIP = NO;
				DEBUG_INFORMATION_FORMAT = dwarf;
				ENABLE_STRICT_OBJC_MSGSEND = YES;
				ENABLE_TESTABILITY = YES;
				GCC_C_LANGUAGE_STANDARD = gnu11;
				GCC_DYNAMIC_NO_PIC = NO;
				GCC_NO_COMMON_BLOCKS = YES;
				GCC_OPTIMIZATION_LEVEL = 0;
				GCC_PREPROCESSOR_DEFINITIONS = (
					"DEBUG=1",
					"$(inherited)",
				);
				GCC_WARN_64_TO_32_BIT_CONVERSION = YES;
				GCC_WARN_ABOUT_RETURN_TYPE = YES_ERROR;
				GCC_WARN_UNDECLARED_SELECTOR = YES;
				GCC_WARN_UNINITIALIZED_AUTOS = YES_AGGRESSIVE;
				GCC_WARN_UNUSED_FUNCTION = YES;
				GCC_WARN_UNUSED_VARIABLE = YES;
				IPHONEOS_DEPLOYMENT_TARGET = 14.5;
				MTL_ENABLE_DEBUG_INFO = INCLUDE_SOURCE;
				MTL_FAST_MATH = YES;
				ONLY_ACTIVE_ARCH = YES;
				SDKROOT = iphoneos;
				SWIFT_ACTIVE_COMPILATION_CONDITIONS = DEBUG;
				SWIFT_OPTIMIZATION_LEVEL = "-Onone";
			};
			name = Debug;
		};
		3115B6B126FCF09300AE4916 /* Release */ = {
			isa = XCBuildConfiguration;
			buildSettings = {
				ALWAYS_SEARCH_USER_PATHS = NO;
				CLANG_ANALYZER_NONNULL = YES;
				CLANG_ANALYZER_NUMBER_OBJECT_CONVERSION = YES_AGGRESSIVE;
				CLANG_CXX_LANGUAGE_STANDARD = "gnu++14";
				CLANG_CXX_LIBRARY = "libc++";
				CLANG_ENABLE_MODULES = YES;
				CLANG_ENABLE_OBJC_ARC = YES;
				CLANG_ENABLE_OBJC_WEAK = YES;
				CLANG_WARN_BLOCK_CAPTURE_AUTORELEASING = YES;
				CLANG_WARN_BOOL_CONVERSION = YES;
				CLANG_WARN_COMMA = YES;
				CLANG_WARN_CONSTANT_CONVERSION = YES;
				CLANG_WARN_DEPRECATED_OBJC_IMPLEMENTATIONS = YES;
				CLANG_WARN_DIRECT_OBJC_ISA_USAGE = YES_ERROR;
				CLANG_WARN_DOCUMENTATION_COMMENTS = YES;
				CLANG_WARN_EMPTY_BODY = YES;
				CLANG_WARN_ENUM_CONVERSION = YES;
				CLANG_WARN_INFINITE_RECURSION = YES;
				CLANG_WARN_INT_CONVERSION = YES;
				CLANG_WARN_NON_LITERAL_NULL_CONVERSION = YES;
				CLANG_WARN_OBJC_IMPLICIT_RETAIN_SELF = YES;
				CLANG_WARN_OBJC_LITERAL_CONVERSION = YES;
				CLANG_WARN_OBJC_ROOT_CLASS = YES_ERROR;
				CLANG_WARN_QUOTED_INCLUDE_IN_FRAMEWORK_HEADER = YES;
				CLANG_WARN_RANGE_LOOP_ANALYSIS = YES;
				CLANG_WARN_STRICT_PROTOTYPES = YES;
				CLANG_WARN_SUSPICIOUS_MOVE = YES;
				CLANG_WARN_UNGUARDED_AVAILABILITY = YES_AGGRESSIVE;
				CLANG_WARN_UNREACHABLE_CODE = YES;
				CLANG_WARN__DUPLICATE_METHOD_MATCH = YES;
				COPY_PHASE_STRIP = NO;
				DEBUG_INFORMATION_FORMAT = "dwarf-with-dsym";
				ENABLE_NS_ASSERTIONS = NO;
				ENABLE_STRICT_OBJC_MSGSEND = YES;
				GCC_C_LANGUAGE_STANDARD = gnu11;
				GCC_NO_COMMON_BLOCKS = YES;
				GCC_WARN_64_TO_32_BIT_CONVERSION = YES;
				GCC_WARN_ABOUT_RETURN_TYPE = YES_ERROR;
				GCC_WARN_UNDECLARED_SELECTOR = YES;
				GCC_WARN_UNINITIALIZED_AUTOS = YES_AGGRESSIVE;
				GCC_WARN_UNUSED_FUNCTION = YES;
				GCC_WARN_UNUSED_VARIABLE = YES;
				IPHONEOS_DEPLOYMENT_TARGET = 14.5;
				MTL_ENABLE_DEBUG_INFO = NO;
				MTL_FAST_MATH = YES;
				SDKROOT = iphoneos;
				SWIFT_COMPILATION_MODE = wholemodule;
				SWIFT_OPTIMIZATION_LEVEL = "-O";
				VALIDATE_PRODUCT = YES;
			};
			name = Release;
		};
		3115B6B326FCF09300AE4916 /* Debug */ = {
			isa = XCBuildConfiguration;
			buildSettings = {
				ASSETCATALOG_COMPILER_APPICON_NAME = AppIcon;
				ASSETCATALOG_COMPILER_GLOBAL_ACCENT_COLOR_NAME = AccentColor;
				CLANG_ENABLE_MODULES = YES;
				CODE_SIGN_STYLE = Automatic;
				DEVELOPMENT_TEAM = F69WJ27LN4;
				INFOPLIST_FILE = FunTwo/Info.plist;
				LD_RUNPATH_SEARCH_PATHS = (
					"$(inherited)",
					"@executable_path/Frameworks",
				);
				PRODUCT_BUNDLE_IDENTIFIER = SMU.FunTwo;
				PRODUCT_NAME = "$(TARGET_NAME)";
				SWIFT_OBJC_BRIDGING_HEADER = "FunTwo/FunTwo-Bridging-Header.h";
				SWIFT_OPTIMIZATION_LEVEL = "-Onone";
				SWIFT_VERSION = 5.0;
				TARGETED_DEVICE_FAMILY = "1,2";
			};
			name = Debug;
		};
		3115B6B426FCF09300AE4916 /* Release */ = {
			isa = XCBuildConfiguration;
			buildSettings = {
				ASSETCATALOG_COMPILER_APPICON_NAME = AppIcon;
				ASSETCATALOG_COMPILER_GLOBAL_ACCENT_COLOR_NAME = AccentColor;
				CLANG_ENABLE_MODULES = YES;
				CODE_SIGN_STYLE = Automatic;
				DEVELOPMENT_TEAM = F69WJ27LN4;
				INFOPLIST_FILE = FunTwo/Info.plist;
				LD_RUNPATH_SEARCH_PATHS = (
					"$(inherited)",
					"@executable_path/Frameworks",
				);
				PRODUCT_BUNDLE_IDENTIFIER = SMU.FunTwo;
				PRODUCT_NAME = "$(TARGET_NAME)";
				SWIFT_OBJC_BRIDGING_HEADER = "FunTwo/FunTwo-Bridging-Header.h";
				SWIFT_VERSION = 5.0;
				TARGETED_DEVICE_FAMILY = "1,2";
			};
			name = Release;
		};
/* End XCBuildConfiguration section */

/* Begin XCConfigurationList section */
		3115B69926FCF08F00AE4916 /* Build configuration list for PBXProject "FunTwo" */ = {
			isa = XCConfigurationList;
			buildConfigurations = (
				3115B6B026FCF09300AE4916 /* Debug */,
				3115B6B126FCF09300AE4916 /* Release */,
			);
			defaultConfigurationIsVisible = 0;
			defaultConfigurationName = Release;
		};
		3115B6B226FCF09300AE4916 /* Build configuration list for PBXNativeTarget "FunTwo" */ = {
			isa = XCConfigurationList;
			buildConfigurations = (
				3115B6B326FCF09300AE4916 /* Debug */,
				3115B6B426FCF09300AE4916 /* Release */,
			);
			defaultConfigurationIsVisible = 0;
			defaultConfigurationName = Release;
		};
/* End XCConfigurationList section */
	};
	rootObject = 3115B69626FCF08F00AE4916 /* Project object */;
}
